// !$*UTF8*$!
{
	archiveVersion = 1;
	classes = {
	};
	objectVersion = 46;
	objects = {

/* Begin PBXBuildFile section */
		8F5178D61D05DB0000A76E8D /* main.m in Sources */ = {isa = PBXBuildFile; fileRef = 8F5178D51D05DB0000A76E8D /* main.m */; };
		8F5178D91D05DB0000A76E8D /* AppDelegate.m in Sources */ = {isa = PBXBuildFile; fileRef = 8F5178D81D05DB0000A76E8D /* AppDelegate.m */; };
		8F5178DF1D05DB0000A76E8D /* Main.storyboard in Resources */ = {isa = PBXBuildFile; fileRef = 8F5178DD1D05DB0000A76E8D /* Main.storyboard */; };
		8F5178E11D05DB0000A76E8D /* Assets.xcassets in Resources */ = {isa = PBXBuildFile; fileRef = 8F5178E01D05DB0000A76E8D /* Assets.xcassets */; };
		8F5178E41D05DB0000A76E8D /* LaunchScreen.storyboard in Resources */ = {isa = PBXBuildFile; fileRef = 8F5178E21D05DB0000A76E8D /* LaunchScreen.storyboard */; };
/* End PBXBuildFile section */

/* Begin PBXFileReference section */
		8F5178D11D05DB0000A76E8D /* GreenTravel.app */ = {isa = PBXFileReference; explicitFileType = wrapper.application; includeInIndex = 0; path = GreenTravel.app; sourceTree = BUILT_PRODUCTS_DIR; };
		8F5178D51D05DB0000A76E8D /* main.m */ = {isa = PBXFileReference; lastKnownFileType = sourcecode.c.objc; path = main.m; sourceTree = "<group>"; };
		8F5178D71D05DB0000A76E8D /* AppDelegate.h */ = {isa = PBXFileReference; lastKnownFileType = sourcecode.c.h; name = AppDelegate.h; path = ../AppDelegate.h; sourceTree = "<group>"; };
		8F5178D81D05DB0000A76E8D /* AppDelegate.m */ = {isa = PBXFileReference; lastKnownFileType = sourcecode.c.objc; name = AppDelegate.m; path = ../AppDelegate.m; sourceTree = "<group>"; };
		8F5178DE1D05DB0000A76E8D /* Base */ = {isa = PBXFileReference; lastKnownFileType = file.storyboard; name = Base; path = Base.lproj/Main.storyboard; sourceTree = "<group>"; };
		8F5178E01D05DB0000A76E8D /* Assets.xcassets */ = {isa = PBXFileReference; lastKnownFileType = folder.assetcatalog; name = Assets.xcassets; path = ../Assets.xcassets; sourceTree = "<group>"; };
		8F5178E31D05DB0000A76E8D /* Base */ = {isa = PBXFileReference; lastKnownFileType = file.storyboard; name = Base; path = Base.lproj/LaunchScreen.storyboard; sourceTree = "<group>"; };
		8F5178E51D05DB0000A76E8D /* Info.plist */ = {isa = PBXFileReference; lastKnownFileType = text.plist.xml; name = Info.plist; path = ../Info.plist; sourceTree = "<group>"; };
/* End PBXFileReference section */

/* Begin PBXFrameworksBuildPhase section */
		8F5178CE1D05DB0000A76E8D /* Frameworks */ = {
			isa = PBXFrameworksBuildPhase;
			buildActionMask = 2147483647;
			files = (
			);
			runOnlyForDeploymentPostprocessing = 0;
		};
/* End PBXFrameworksBuildPhase section */

/* Begin PBXGroup section */
		8F5178C81D05DB0000A76E8D = {
			isa = PBXGroup;
			children = (
				8F5178D31D05DB0000A76E8D /* GreenTravel */,
				8F5178D21D05DB0000A76E8D /* Products */,
			);
			sourceTree = "<group>";
		};
		8F5178D21D05DB0000A76E8D /* Products */ = {
			isa = PBXGroup;
			children = (
				8F5178D11D05DB0000A76E8D /* GreenTravel.app */,
			);
			name = Products;
			sourceTree = "<group>";
		};
		8F5178D31D05DB0000A76E8D /* GreenTravel */ = {
			isa = PBXGroup;
			children = (
				8F5178EF1D05DB2300A76E8D /* Sources */,
				8F5178EE1D05DB2300A76E8D /* Models */,
				8F5178F01D05DB2300A76E8D /* Views */,
				8F5178EC1D05DB2300A76E8D /* Controllers */,
				8F5178ED1D05DB2300A76E8D /* Miscs */,
				8F5178D41D05DB0000A76E8D /* Supporting Files */,
			);
			path = GreenTravel;
			sourceTree = "<group>";
		};
		8F5178D41D05DB0000A76E8D /* Supporting Files */ = {
			isa = PBXGroup;
			children = (
				8F5178D51D05DB0000A76E8D /* main.m */,
			);
			name = "Supporting Files";
			sourceTree = "<group>";
		};
		8F5178EC1D05DB2300A76E8D /* Controllers */ = {
			isa = PBXGroup;
			children = (
			);
			path = Controllers;
			sourceTree = "<group>";
		};
		8F5178ED1D05DB2300A76E8D /* Miscs */ = {
			isa = PBXGroup;
			children = (
				8F5178E01D05DB0000A76E8D /* Assets.xcassets */,
				8F5178E51D05DB0000A76E8D /* Info.plist */,
			);
			path = Miscs;
			sourceTree = "<group>";
		};
		8F5178EE1D05DB2300A76E8D /* Models */ = {
			isa = PBXGroup;
			children = (
			);
			path = Models;
			sourceTree = "<group>";
		};
		8F5178EF1D05DB2300A76E8D /* Sources */ = {
			isa = PBXGroup;
			children = (
			);
			path = Sources;
			sourceTree = "<group>";
		};
		8F5178F01D05DB2300A76E8D /* Views */ = {
			isa = PBXGroup;
			children = (
				8F5178DD1D05DB0000A76E8D /* Main.storyboard */,
				8F5178D71D05DB0000A76E8D /* AppDelegate.h */,
				8F5178D81D05DB0000A76E8D /* AppDelegate.m */,
				8F5178E21D05DB0000A76E8D /* LaunchScreen.storyboard */,
			);
			path = Views;
			sourceTree = "<group>";
		};
/* End PBXGroup section */

/* Begin PBXNativeTarget section */
		8F5178D01D05DB0000A76E8D /* GreenTravel */ = {
			isa = PBXNativeTarget;
			buildConfigurationList = 8F5178E81D05DB0000A76E8D /* Build configuration list for PBXNativeTarget "GreenTravel" */;
			buildPhases = (
				8F5178CD1D05DB0000A76E8D /* Sources */,
				8F5178CE1D05DB0000A76E8D /* Frameworks */,
				8F5178CF1D05DB0000A76E8D /* Resources */,
			);
			buildRules = (
			);
			dependencies = (
			);
			name = GreenTravel;
			productName = GreenTravel;
			productReference = 8F5178D11D05DB0000A76E8D /* GreenTravel.app */;
			productType = "com.apple.product-type.application";
		};
/* End PBXNativeTarget section */

/* Begin PBXProject section */
		8F5178C91D05DB0000A76E8D /* Project object */ = {
			isa = PBXProject;
			attributes = {
				LastUpgradeCheck = 0730;
				ORGANIZATIONNAME = pengkaifeng;
				TargetAttributes = {
					8F5178D01D05DB0000A76E8D = {
						CreatedOnToolsVersion = 7.3.1;
						DevelopmentTeam = CAB83Q94X3;
					};
				};
			};
			buildConfigurationList = 8F5178CC1D05DB0000A76E8D /* Build configuration list for PBXProject "GreenTravel" */;
			compatibilityVersion = "Xcode 3.2";
			developmentRegion = English;
			hasScannedForEncodings = 0;
			knownRegions = (
				en,
				Base,
			);
			mainGroup = 8F5178C81D05DB0000A76E8D;
			productRefGroup = 8F5178D21D05DB0000A76E8D /* Products */;
			projectDirPath = "";
			projectRoot = "";
			targets = (
				8F5178D01D05DB0000A76E8D /* GreenTravel */,
			);
		};
/* End PBXProject section */

/* Begin PBXResourcesBuildPhase section */
		8F5178CF1D05DB0000A76E8D /* Resources */ = {
			isa = PBXResourcesBuildPhase;
			buildActionMask = 2147483647;
			files = (
				8F5178E41D05DB0000A76E8D /* LaunchScreen.storyboard in Resources */,
				8F5178E11D05DB0000A76E8D /* Assets.xcassets in Resources */,
				8F5178DF1D05DB0000A76E8D /* Main.storyboard in Resources */,
			);
			runOnlyForDeploymentPostprocessing = 0;
		};
/* End PBXResourcesBuildPhase section */

/* Begin PBXSourcesBuildPhase section */
		8F5178CD1D05DB0000A76E8D /* Sources */ = {
			isa = PBXSourcesBuildPhase;
			buildActionMask = 2147483647;
			files = (
				8F5178D91D05DB0000A76E8D /* AppDelegate.m in Sources */,
				8F5178D61D05DB0000A76E8D /* main.m in Sources */,
			);
			runOnlyForDeploymentPostprocessing = 0;
		};
/* End PBXSourcesBuildPhase section */

/* Begin PBXVariantGroup section */
		8F5178DD1D05DB0000A76E8D /* Main.storyboard */ = {
			isa = PBXVariantGroup;
			children = (
				8F5178DE1D05DB0000A76E8D /* Base */,
			);
			name = Main.storyboard;
			path = ..;
			sourceTree = "<group>";
		};
		8F5178E21D05DB0000A76E8D /* LaunchScreen.storyboard */ = {
			isa = PBXVariantGroup;
			children = (
				8F5178E31D05DB0000A76E8D /* Base */,
			);
			name = LaunchScreen.storyboard;
			path = ..;
			sourceTree = "<group>";
		};
/* End PBXVariantGroup section */

/* Begin XCBuildConfiguration section */
		8F5178E61D05DB0000A76E8D /* Debug */ = {
			isa = XCBuildConfiguration;
			buildSettings = {
				ALWAYS_SEARCH_USER_PATHS = NO;
				CLANG_ANALYZER_NONNULL = YES;
				CLANG_CXX_LANGUAGE_STANDARD = "gnu++0x";
				CLANG_CXX_LIBRARY = "libc++";
				CLANG_ENABLE_MODULES = YES;
				CLANG_ENABLE_OBJC_ARC = YES;
				CLANG_WARN_BOOL_CONVERSION = YES;
				CLANG_WARN_CONSTANT_CONVERSION = YES;
				CLANG_WARN_DIRECT_OBJC_ISA_USAGE = YES_ERROR;
				CLANG_WARN_EMPTY_BODY = YES;
				CLANG_WARN_ENUM_CONVERSION = YES;
				CLANG_WARN_INT_CONVERSION = YES;
				CLANG_WARN_OBJC_ROOT_CLASS = YES_ERROR;
				CLANG_WARN_UNREACHABLE_CODE = YES;
				CLANG_WARN__DUPLICATE_METHOD_MATCH = YES;
				"CODE_SIGN_IDENTITY[sdk=iphoneos*]" = "iPhone Developer";
				COPY_PHASE_STRIP = NO;
				DEBUG_INFORMATION_FORMAT = dwarf;
				ENABLE_STRICT_OBJC_MSGSEND = YES;
				ENABLE_TESTABILITY = YES;
				GCC_C_LANGUAGE_STANDARD = gnu99;
				GCC_DYNAMIC_NO_PIC = NO;
				GCC_NO_COMMON_BLOCKS = YES;
				GCC_OPTIMIZATION_LEVEL = 0;
				GCC_PREPROCESSOR_DEFINITIONS = (
					"DEBUG=1",
					"$(inherited)",
				);
				GCC_WARN_64_TO_32_BIT_CONVERSION = YES;
				GCC_WARN_ABOUT_RETURN_TYPE = YES_ERROR;
				GCC_WARN_UNDECLARED_SELECTOR = YES;
				GCC_WARN_UNINITIALIZED_AUTOS = YES_AGGRESSIVE;
				GCC_WARN_UNUSED_FUNCTION = YES;
				GCC_WARN_UNUSED_VARIABLE = YES;
				IPHONEOS_DEPLOYMENT_TARGET = 9.3;
				MTL_ENABLE_DEBUG_INFO = YES;
				ONLY_ACTIVE_ARCH = YES;
				SDKROOT = iphoneos;
			};
			name = Debug;
		};
		8F5178E71D05DB0000A76E8D /* Release */ = {
			isa = XCBuildConfiguration;
			buildSettings = {
				ALWAYS_SEARCH_USER_PATHS = NO;
				CLANG_ANALYZER_NONNULL = YES;
				CLANG_CXX_LANGUAGE_STANDARD = "gnu++0x";
				CLANG_CXX_LIBRARY = "libc++";
				CLANG_ENABLE_MODULES = YES;
				CLANG_ENABLE_OBJC_ARC = YES;
				CLANG_WARN_BOOL_CONVERSION = YES;
				CLANG_WARN_CONSTANT_CONVERSION = YES;
				CLANG_WARN_DIRECT_OBJC_ISA_USAGE = YES_ERROR;
				CLANG_WARN_EMPTY_BODY = YES;
				CLANG_WARN_ENUM_CONVERSION = YES;
				CLANG_WARN_INT_CONVERSION = YES;
				CLANG_WARN_OBJC_ROOT_CLASS = YES_ERROR;
				CLANG_WARN_UNREACHABLE_CODE = YES;
				CLANG_WARN__DUPLICATE_METHOD_MATCH = YES;
				"CODE_SIGN_IDENTITY[sdk=iphoneos*]" = "iPhone Developer";
				COPY_PHASE_STRIP = NO;
				DEBUG_INFORMATION_FORMAT = "dwarf-with-dsym";
				ENABLE_NS_ASSERTIONS = NO;
				ENABLE_STRICT_OBJC_MSGSEND = YES;
				GCC_C_LANGUAGE_STANDARD = gnu99;
				GCC_NO_COMMON_BLOCKS = YES;
				GCC_WARN_64_TO_32_BIT_CONVERSION = YES;
				GCC_WARN_ABOUT_RETURN_TYPE = YES_ERROR;
				GCC_WARN_UNDECLARED_SELECTOR = YES;
				GCC_WARN_UNINITIALIZED_AUTOS = YES_AGGRESSIVE;
				GCC_WARN_UNUSED_FUNCTION = YES;
				GCC_WARN_UNUSED_VARIABLE = YES;
				IPHONEOS_DEPLOYMENT_TARGET = 9.3;
				MTL_ENABLE_DEBUG_INFO = NO;
				SDKROOT = iphoneos;
				VALIDATE_PRODUCT = YES;
			};
			name = Release;
		};
		8F5178E91D05DB0000A76E8D /* Debug */ = {
			isa = XCBuildConfiguration;
			buildSettings = {
				ASSETCATALOG_COMPILER_APPICON_NAME = AppIcon;
				INFOPLIST_FILE = GreenTravel/Info.plist;
				LD_RUNPATH_SEARCH_PATHS = "$(inherited) @executable_path/Frameworks";
				PRODUCT_BUNDLE_IDENTIFIER = com.kaifeng.GreenTravel;
				PRODUCT_NAME = "$(TARGET_NAME)";
			};
			name = Debug;
		};
		8F5178EA1D05DB0000A76E8D /* Release */ = {
			isa = XCBuildConfiguration;
			buildSettings = {
				ASSETCATALOG_COMPILER_APPICON_NAME = AppIcon;
				INFOPLIST_FILE = GreenTravel/Info.plist;
				LD_RUNPATH_SEARCH_PATHS = "$(inherited) @executable_path/Frameworks";
				PRODUCT_BUNDLE_IDENTIFIER = com.kaifeng.GreenTravel;
				PRODUCT_NAME = "$(TARGET_NAME)";
			};
			name = Release;
		};
/* End XCBuildConfiguration section */

/* Begin XCConfigurationList section */
		8F5178CC1D05DB0000A76E8D /* Build configuration list for PBXProject "GreenTravel" */ = {
			isa = XCConfigurationList;
			buildConfigurations = (
				8F5178E61D05DB0000A76E8D /* Debug */,
				8F5178E71D05DB0000A76E8D /* Release */,
			);
			defaultConfigurationIsVisible = 0;
			defaultConfigurationName = Release;
		};
		8F5178E81D05DB0000A76E8D /* Build configuration list for PBXNativeTarget "GreenTravel" */ = {
			isa = XCConfigurationList;
			buildConfigurations = (
				8F5178E91D05DB0000A76E8D /* Debug */,
				8F5178EA1D05DB0000A76E8D /* Release */,
			);
			defaultConfigurationIsVisible = 0;
		};
/* End XCConfigurationList section */
	};
	rootObject = 8F5178C91D05DB0000A76E8D /* Project object */;
}
